
Microsoft Visual Studio Solution File, Format Version 12.00
# Visual Studio Version 16
VisualStudioVersion = 16.0.29728.190
MinimumVisualStudioVersion = 10.0.40219.1
Project("{FAE04EC0-301F-11D3-BF4B-00C04F79EFBC}") = "WebApplication2", "WebApplication2\WebApplication2.csproj", "{4833E422-A6EB-413E-B006-7169FFC3168D}"
EndProject
Global
	GlobalSection(SolutionConfigurationPlatforms) = preSolution
		Debug|Any CPU = Debug|Any CPU
		Release|Any CPU = Release|Any CPU
	EndGlobalSection
	GlobalSection(ProjectConfigurationPlatforms) = postSolution
		{4833E422-A6EB-413E-B006-7169FFC3168D}.Debug|Any CPU.ActiveCfg = Debug|Any CPU
		{4833E422-A6EB-413E-B006-7169FFC3168D}.Debug|Any CPU.Build.0 = Debug|Any CPU
		{4833E422-A6EB-413E-B006-7169FFC3168D}.Release|Any CPU.ActiveCfg = Release|Any CPU
		{4833E422-A6EB-413E-B006-7169FFC3168D}.Release|Any CPU.Build.0 = Release|Any CPU
	EndGlobalSection
	GlobalSection(SolutionProperties) = preSolution
		HideSolutionNode = FALSE
	EndGlobalSection
	GlobalSection(ExtensibilityGlobals) = postSolution
		SolutionGuid = {ED521381-1665-488A-9F2B-4565DF89AF1D}
	EndGlobalSection
EndGlobal
